{
  "name": "@etchedjs/dispatcher",
  "version": "1.0.0",
  "lockfileVersion": 2,
  "requires": true,
  "packages": {
    "": {
      "name": "@etchedjs/dispatcher",
      "version": "1.0.0",
      "license": "MIT",
      "peerDependencies": {
        "@etchedjs/etched": "^8.4.0"
      }
    },
    "node_modules/@etchedjs/etched": {
      "version": "8.4.1",
      "resolved": "https://registry.npmjs.org/@etchedjs/etched/-/etched-8.4.1.tgz",
      "integrity": "sha512-b/KPm990AlH5b26dRjt378xrTEpeTPR6ci/+cWKN11PDHyThbAFONaR/CRMRBI8x7imuTUkWxWFA1JR+iUNKKw==",
      "peer": true
    }
  },
  "dependencies": {
    "@etchedjs/etched": {
      "version": "8.4.1",
      "resolved": "https://registry.npmjs.org/@etchedjs/etched/-/etched-8.4.1.tgz",
      "integrity": "sha512-b/KPm990AlH5b26dRjt378xrTEpeTPR6ci/+cWKN11PDHyThbAFONaR/CRMRBI8x7imuTUkWxWFA1JR+iUNKKw==",
      "peer": true
    }
  }
}
